
Microsoft Visual Studio Solution File, Format Version 12.00
# Visual Studio 15
VisualStudioVersion = 15.0.27703.2042
MinimumVisualStudioVersion = 10.0.40219.1
Project("{FAE04EC0-301F-11D3-BF4B-00C04F79EFBC}") = "DiabeticDiscovery.Data", "DiabeticDiscovery.Data\DiabeticDiscovery.Data.csproj", "{0DE25386-88CD-45DE-9560-B40106AF5A88}"
EndProject
Project("{DA7A21FA-8162-4350-AD77-A8D1B671F3ED}") = "DiabeticDiscovery.R", "DiabeticDiscovery.R\DiabeticDiscovery.R.rxproj", "{28F98E38-2546-4125-8B96-FBA5BA2EE3CC}"
EndProject
Global
	GlobalSection(SolutionConfigurationPlatforms) = preSolution
		Debug|Any CPU = Debug|Any CPU
		Release|Any CPU = Release|Any CPU
	EndGlobalSection
	GlobalSection(ProjectConfigurationPlatforms) = postSolution
		{0DE25386-88CD-45DE-9560-B40106AF5A88}.Debug|Any CPU.ActiveCfg = Debug|Any CPU
		{0DE25386-88CD-45DE-9560-B40106AF5A88}.Debug|Any CPU.Build.0 = Debug|Any CPU
		{0DE25386-88CD-45DE-9560-B40106AF5A88}.Release|Any CPU.ActiveCfg = Release|Any CPU
		{0DE25386-88CD-45DE-9560-B40106AF5A88}.Release|Any CPU.Build.0 = Release|Any CPU
		{28F98E38-2546-4125-8B96-FBA5BA2EE3CC}.Debug|Any CPU.ActiveCfg = Debug|Any CPU
		{28F98E38-2546-4125-8B96-FBA5BA2EE3CC}.Debug|Any CPU.Build.0 = Debug|Any CPU
		{28F98E38-2546-4125-8B96-FBA5BA2EE3CC}.Release|Any CPU.ActiveCfg = Release|Any CPU
		{28F98E38-2546-4125-8B96-FBA5BA2EE3CC}.Release|Any CPU.Build.0 = Release|Any CPU
	EndGlobalSection
	GlobalSection(SolutionProperties) = preSolution
		HideSolutionNode = FALSE
	EndGlobalSection
	GlobalSection(ExtensibilityGlobals) = postSolution
		SolutionGuid = {A7F9A0DF-0E53-453A-A839-90D5437B0177}
	EndGlobalSection
EndGlobal
